// !$*UTF8*$!
{
	archiveVersion = 1;
	classes = {
	};
	objectVersion = 56;
	objects = {

/* Begin PBXBuildFile section */
		AA000001 /* AppDelegate.swift in Sources */ = {isa = PBXBuildFile; fileRef = AB000001; };
		AA000002 /* CatWindowController.swift in Sources */ = {isa = PBXBuildFile; fileRef = AB000002; };
		AA000003 /* CatView.swift in Sources */ = {isa = PBXBuildFile; fileRef = AB000003; };
		AA000004 /* CatRenderer.swift in Sources */ = {isa = PBXBuildFile; fileRef = AB000004; };
		AA000005 /* Models.swift in Sources */ = {isa = PBXBuildFile; fileRef = AB000005; };
		AA000006 /* SettingsManager.swift in Sources */ = {isa = PBXBuildFile; fileRef = AB000006; };
		AA000007 /* ReminderManager.swift in Sources */ = {isa = PBXBuildFile; fileRef = AB000007; };
		AA000008 /* Assets.xcassets in Resources */ = {isa = PBXBuildFile; fileRef = AB000008; };
		AA000009 /* main.swift in Sources */ = {isa = PBXBuildFile; fileRef = AB00000C; };
		AA00000A /* CatFrames.swift in Sources */ = {isa = PBXBuildFile; fileRef = AB00000D; };
		AA00000B /* Sprites in Resources */ = {isa = PBXBuildFile; fileRef = AB00000E; };
		AA00000C /* Sounds in Resources */ = {isa = PBXBuildFile; fileRef = AB00000F; };
/* End PBXBuildFile section */

/* Begin PBXFileReference section */
		AB000001 /* AppDelegate.swift */ = {isa = PBXFileReference; lastKnownFileType = sourcecode.swift; path = AppDelegate.swift; sourceTree = "<group>"; };
		AB000002 /* CatWindowController.swift */ = {isa = PBXFileReference; lastKnownFileType = sourcecode.swift; path = CatWindowController.swift; sourceTree = "<group>"; };
		AB000003 /* CatView.swift */ = {isa = PBXFileReference; lastKnownFileType = sourcecode.swift; path = CatView.swift; sourceTree = "<group>"; };
		AB000004 /* CatRenderer.swift */ = {isa = PBXFileReference; lastKnownFileType = sourcecode.swift; path = CatRenderer.swift; sourceTree = "<group>"; };
		AB000005 /* Models.swift */ = {isa = PBXFileReference; lastKnownFileType = sourcecode.swift; path = Models.swift; sourceTree = "<group>"; };
		AB000006 /* SettingsManager.swift */ = {isa = PBXFileReference; lastKnownFileType = sourcecode.swift; path = SettingsManager.swift; sourceTree = "<group>"; };
		AB000007 /* ReminderManager.swift */ = {isa = PBXFileReference; lastKnownFileType = sourcecode.swift; path = ReminderManager.swift; sourceTree = "<group>"; };
		AB000008 /* Assets.xcassets */ = {isa = PBXFileReference; lastKnownFileType = folder.assetcatalog; path = Assets.xcassets; sourceTree = "<group>"; };
		AB000009 /* Info.plist */ = {isa = PBXFileReference; lastKnownFileType = text.plist.xml; path = Info.plist; sourceTree = "<group>"; };
		AB00000A /* DeskPet.entitlements */ = {isa = PBXFileReference; lastKnownFileType = text.plist.entitlements; path = DeskPet.entitlements; sourceTree = "<group>"; };
		AB00000B /* DeskPet.app */ = {isa = PBXFileReference; explicitFileType = wrapper.application; includeInIndex = 0; path = DeskPet.app; sourceTree = BUILT_PRODUCTS_DIR; };
		AB00000C /* main.swift */ = {isa = PBXFileReference; lastKnownFileType = sourcecode.swift; path = main.swift; sourceTree = "<group>"; };
		AB00000D /* CatFrames.swift */ = {isa = PBXFileReference; lastKnownFileType = sourcecode.swift; path = CatFrames.swift; sourceTree = "<group>"; };
		AB00000E /* Sprites */ = {isa = PBXFileReference; lastKnownFileType = folder; path = Sprites; sourceTree = "<group>"; };
		AB00000F /* Sounds */ = {isa = PBXFileReference; lastKnownFileType = folder; path = Sounds; sourceTree = "<group>"; };
/* End PBXFileReference section */

/* Begin PBXFrameworksBuildPhase section */
		AC000001 /* Frameworks */ = {
			isa = PBXFrameworksBuildPhase;
			buildActionMask = 2147483647;
			files = (
			);
			runOnlyForDeploymentPostprocessing = 0;
		};
/* End PBXFrameworksBuildPhase section */

/* Begin PBXGroup section */
		AD000001 = {
			isa = PBXGroup;
			children = (
				AD000002 /* DeskPet */,
				AD000003 /* Products */,
			);
			sourceTree = "<group>";
		};
		AD000002 /* DeskPet */ = {
			isa = PBXGroup;
			children = (
				AB000001 /* AppDelegate.swift */,
				AB000002 /* CatWindowController.swift */,
				AB000003 /* CatView.swift */,
				AB000004 /* CatRenderer.swift */,
				AB000005 /* Models.swift */,
				AB000006 /* SettingsManager.swift */,
				AB000007 /* ReminderManager.swift */,
				AB000008 /* Assets.xcassets */,
				AB000009 /* Info.plist */,
				AB00000A /* DeskPet.entitlements */,
				AB00000C /* main.swift */,
				AB00000D /* CatFrames.swift */,
				AB00000E /* Sprites */,
				AB00000F /* Sounds */,
			);
			path = DeskPet;
			sourceTree = "<group>";
		};
		AD000003 /* Products */ = {
			isa = PBXGroup;
			children = (
				AB00000B /* DeskPet.app */,
			);
			name = Products;
			sourceTree = "<group>";
		};
/* End PBXGroup section */

/* Begin PBXNativeTarget section */
		AE000001 /* DeskPet */ = {
			isa = PBXNativeTarget;
			buildConfigurationList = AF000003 /* Build configuration list for PBXNativeTarget "DeskPet" */;
			buildPhases = (
				AE000002 /* Sources */,
				AC000001 /* Frameworks */,
				AE000003 /* Resources */,
			);
			buildRules = (
			);
			dependencies = (
			);
			name = DeskPet;
			productName = DeskPet;
			productReference = AB00000B /* DeskPet.app */;
			productType = "com.apple.product-type.application";
		};
/* End PBXNativeTarget section */

/* Begin PBXProject section */
		AE000004 /* Project object */ = {
			isa = PBXProject;
			attributes = {
				BuildIndependentTargetsInParallel = 1;
				LastSwiftUpdateCheck = 1500;
				LastUpgradeCheck = 1500;
			};
			buildConfigurationList = AF000001 /* Build configuration list for PBXProject "DeskPet" */;
			compatibilityVersion = "Xcode 14.0";
			developmentRegion = "zh-Hans";
			hasScannedForEncodings = 0;
			knownRegions = (
				"zh-Hans",
				en,
				Base,
			);
			mainGroup = AD000001;
			productRefGroup = AD000003 /* Products */;
			projectDirPath = "";
			projectRoot = "";
			targets = (
				AE000001 /* DeskPet */,
			);
		};
/* End PBXProject section */

/* Begin PBXResourcesBuildPhase section */
		AE000003 /* Resources */ = {
			isa = PBXResourcesBuildPhase;
			buildActionMask = 2147483647;
			files = (
				AA000008 /* Assets.xcassets in Resources */,
				AA00000B /* Sprites in Resources */,
				AA00000C /* Sounds in Resources */,
			);
			runOnlyForDeploymentPostprocessing = 0;
		};
/* End PBXResourcesBuildPhase section */

/* Begin PBXSourcesBuildPhase section */
		AE000002 /* Sources */ = {
			isa = PBXSourcesBuildPhase;
			buildActionMask = 2147483647;
			files = (
				AA000001 /* AppDelegate.swift in Sources */,
				AA000002 /* CatWindowController.swift in Sources */,
				AA000003 /* CatView.swift in Sources */,
				AA000004 /* CatRenderer.swift in Sources */,
				AA000005 /* Models.swift in Sources */,
				AA000006 /* SettingsManager.swift in Sources */,
				AA000007 /* ReminderManager.swift in Sources */,
				AA000009 /* main.swift in Sources */,
				AA00000A /* CatFrames.swift in Sources */,
			);
			runOnlyForDeploymentPostprocessing = 0;
		};
/* End PBXSourcesBuildPhase section */

/* Begin XCBuildConfiguration section */
		AF000004 /* Debug */ = {
			isa = XCBuildConfiguration;
			buildSettings = {
				ALWAYS_SEARCH_USER_PATHS = NO;
				ASSETCATALOG_COMPILER_GENERATE_SWIFT_ASSET_SYMBOL_EXTENSIONS = YES;
				CLANG_ANALYZER_NONNULL = YES;
				CLANG_CXX_LANGUAGE_STANDARD = "gnu++20";
				CLANG_ENABLE_MODULES = YES;
				CLANG_ENABLE_OBJC_ARC = YES;
				CLANG_WARN_BLOCK_CAPTURE_AUTORELEASING = YES;
				CLANG_WARN_BOOL_CONVERSION = YES;
				CLANG_WARN_COMMA = YES;
				CLANG_WARN_CONSTANT_CONVERSION = YES;
				CLANG_WARN_DEPRECATED_OBJC_IMPLEMENTATIONS = YES;
				CLANG_WARN_DIRECT_OBJC_ISA_USAGE = YES_ERROR;
				CLANG_WARN_EMPTY_BODY = YES;
				CLANG_WARN_ENUM_CONVERSION = YES;
				CLANG_WARN_INFINITE_RECURSION = YES;
				CLANG_WARN_INT_CONVERSION = YES;
				CLANG_WARN_OBJC_IMPLICIT_RETAIN_SELF = YES;
				CLANG_WARN_OBJC_LITERAL_CONVERSION = YES;
				CLANG_WARN_OBJC_ROOT_CLASS = YES_ERROR;
				CLANG_WARN_QUOTED_INCLUDE_IN_FRAMEWORK_HEADER = YES;
				CLANG_WARN_RANGE_LOOP_ANALYSIS = YES;
				CLANG_WARN_STRICT_PROTOTYPES = YES;
				CLANG_WARN_SUSPICIOUS_MOVE = YES;
				CLANG_WARN_UNREACHABLE_CODE = YES;
				CLANG_WARN__DUPLICATE_METHOD_MATCH = YES;
				COPY_PHASE_STRIP = NO;
				DEBUG_INFORMATION_FORMAT = dwarf;
				ENABLE_STRICT_OBJC_MSGSEND = YES;
				ENABLE_TESTABILITY = YES;
				GCC_DYNAMIC_NO_PIC = NO;
				GCC_NO_COMMON_BLOCKS = YES;
				GCC_OPTIMIZATION_LEVEL = 0;
				GCC_WARN_64_TO_32_BIT_CONVERSION = YES;
				GCC_WARN_ABOUT_RETURN_TYPE = YES_ERROR;
				GCC_WARN_UNDECLARED_SELECTOR = YES;
				GCC_WARN_UNINITIALIZED_AUTOS = YES_AGGRESSIVE;
				GCC_WARN_UNUSED_FUNCTION = YES;
				GCC_WARN_UNUSED_VARIABLE = YES;
				MACOSX_DEPLOYMENT_TARGET = 13.0;
				MTL_ENABLE_DEBUG_INFO = INCLUDE_SOURCE;
				MTL_FAST_MATH = YES;
				ONLY_ACTIVE_ARCH = YES;
				SDKROOT = macosx;
				SWIFT_ACTIVE_COMPILATION_CONDITIONS = "DEBUG $(inherited)";
				SWIFT_OPTIMIZATION_LEVEL = "-Onone";
			};
			name = Debug;
		};
		AF000005 /* Release */ = {
			isa = XCBuildConfiguration;
			buildSettings = {
				ALWAYS_SEARCH_USER_PATHS = NO;
				ASSETCATALOG_COMPILER_GENERATE_SWIFT_ASSET_SYMBOL_EXTENSIONS = YES;
				CLANG_ANALYZER_NONNULL = YES;
				CLANG_CXX_LANGUAGE_STANDARD = "gnu++20";
				CLANG_ENABLE_MODULES = YES;
				CLANG_ENABLE_OBJC_ARC = YES;
				CLANG_WARN_BLOCK_CAPTURE_AUTORELEASING = YES;
				CLANG_WARN_BOOL_CONVERSION = YES;
				CLANG_WARN_COMMA = YES;
				CLANG_WARN_CONSTANT_CONVERSION = YES;
				CLANG_WARN_DEPRECATED_OBJC_IMPLEMENTATIONS = YES;
				CLANG_WARN_DIRECT_OBJC_ISA_USAGE = YES_ERROR;
				CLANG_WARN_EMPTY_BODY = YES;
				CLANG_WARN_ENUM_CONVERSION = YES;
				CLANG_WARN_INFINITE_RECURSION = YES;
				CLANG_WARN_INT_CONVERSION = YES;
				CLANG_WARN_OBJC_IMPLICIT_RETAIN_SELF = YES;
				CLANG_WARN_OBJC_LITERAL_CONVERSION = YES;
				CLANG_WARN_OBJC_ROOT_CLASS = YES_ERROR;
				CLANG_WARN_QUOTED_INCLUDE_IN_FRAMEWORK_HEADER = YES;
				CLANG_WARN_RANGE_LOOP_ANALYSIS = YES;
				CLANG_WARN_STRICT_PROTOTYPES = YES;
				CLANG_WARN_SUSPICIOUS_MOVE = YES;
				CLANG_WARN_UNREACHABLE_CODE = YES;
				CLANG_WARN__DUPLICATE_METHOD_MATCH = YES;
				COPY_PHASE_STRIP = NO;
				DEBUG_INFORMATION_FORMAT = "dwarf-with-dsym";
				ENABLE_NS_ASSERTIONS = NO;
				ENABLE_STRICT_OBJC_MSGSEND = YES;
				GCC_NO_COMMON_BLOCKS = YES;
				GCC_WARN_64_TO_32_BIT_CONVERSION = YES;
				GCC_WARN_ABOUT_RETURN_TYPE = YES_ERROR;
				GCC_WARN_UNDECLARED_SELECTOR = YES;
				GCC_WARN_UNINITIALIZED_AUTOS = YES_AGGRESSIVE;
				GCC_WARN_UNUSED_FUNCTION = YES;
				GCC_WARN_UNUSED_VARIABLE = YES;
				MACOSX_DEPLOYMENT_TARGET = 13.0;
				MTL_FAST_MATH = YES;
				SDKROOT = macosx;
				SWIFT_COMPILATION_MODE = wholemodule;
			};
			name = Release;
		};
		AF000006 /* Debug */ = {
			isa = XCBuildConfiguration;
			buildSettings = {
				ASSETCATALOG_COMPILER_APPICON_NAME = AppIcon;
				CODE_SIGN_ENTITLEMENTS = DeskPet/DeskPet.entitlements;
				CODE_SIGN_STYLE = Automatic;
				COMBINE_HIDPI_IMAGES = YES;
				CURRENT_PROJECT_VERSION = 1;
				GENERATE_INFOPLIST_FILE = NO;
				INFOPLIST_FILE = DeskPet/Info.plist;
				LD_RUNPATH_SEARCH_PATHS = (
					"$(inherited)",
					"@executable_path/../Frameworks",
				);
				MARKETING_VERSION = 1.0;
				PRODUCT_BUNDLE_IDENTIFIER = com.deskpet.cat;
				PRODUCT_NAME = "$(TARGET_NAME)";
				SWIFT_EMIT_LOC_STRINGS = YES;
				SWIFT_VERSION = 5.0;
			};
			name = Debug;
		};
		AF000007 /* Release */ = {
			isa = XCBuildConfiguration;
			buildSettings = {
				ASSETCATALOG_COMPILER_APPICON_NAME = AppIcon;
				CODE_SIGN_ENTITLEMENTS = DeskPet/DeskPet.entitlements;
				CODE_SIGN_STYLE = Automatic;
				COMBINE_HIDPI_IMAGES = YES;
				CURRENT_PROJECT_VERSION = 1;
				GENERATE_INFOPLIST_FILE = NO;
				INFOPLIST_FILE = DeskPet/Info.plist;
				LD_RUNPATH_SEARCH_PATHS = (
					"$(inherited)",
					"@executable_path/../Frameworks",
				);
				MARKETING_VERSION = 1.0;
				PRODUCT_BUNDLE_IDENTIFIER = com.deskpet.cat;
				PRODUCT_NAME = "$(TARGET_NAME)";
				SWIFT_EMIT_LOC_STRINGS = YES;
				SWIFT_VERSION = 5.0;
			};
			name = Release;
		};
/* End XCBuildConfiguration section */

/* Begin XCConfigurationList section */
		AF000001 /* Build configuration list for PBXProject "DeskPet" */ = {
			isa = XCConfigurationList;
			buildConfigurations = (
				AF000004 /* Debug */,
				AF000005 /* Release */,
			);
			defaultConfigurationIsVisible = 0;
			defaultConfigurationName = Release;
		};
		AF000003 /* Build configuration list for PBXNativeTarget "DeskPet" */ = {
			isa = XCConfigurationList;
			buildConfigurations = (
				AF000006 /* Debug */,
				AF000007 /* Release */,
			);
			defaultConfigurationIsVisible = 0;
			defaultConfigurationName = Release;
		};
/* End XCConfigurationList section */

	};
	rootObject = AE000004 /* Project object */;
}
